# This file is automatically @generated by Poetry 2.2.1 and should not be changed by hand.

[[package]]
name = "colorama"
version = "0.4.6"
description = "Cross-platform colored terminal text."
optional = false
python-versions = "!=3.0.*,!=3.1.*,!=3.2.*,!=3.3.*,!=3.4.*,!=3.5.*,!=3.6.*,>=2.7"
groups = ["dev"]
markers = "sys_platform == \"win32\""
files = [
    {file = "colorama-0.4.6-py2.py3-none-any.whl", hash = "sha256:4f1d9991f5acc0ca119f9d443620b77f9d6b33703e51011c16baf57afb285fc6"},
    {file = "colorama-0.4.6.tar.gz", hash = "sha256:08695f5cb7ed6e0531a20572697297273c47b8cae5a63ffc6d6ed5c201be6e44"},
]

[[package]]
name = "coverage"
version = "7.11.0"
description = "Code coverage measurement for Python"
optional = false
python-versions = ">=3.10"
groups = ["dev"]
files = [
    {file = "coverage-7.11.0-cp310-cp310-macosx_10_9_x86_64.whl", hash = "sha256:eb53f1e8adeeb2e78962bade0c08bfdc461853c7969706ed901821e009b35e31"},
    {file = "coverage-7.11.0-cp310-cp310-macosx_11_0_arm64.whl", hash = "sha256:d9a03ec6cb9f40a5c360f138b88266fd8f58408d71e89f536b4f91d85721d075"},
    {file = "coverage-7.11.0-cp310-cp310-manylinux1_i686.manylinux_2_28_i686.manylinux_2_5_i686.whl", hash = "sha256:0d7f0616c557cbc3d1c2090334eddcbb70e1ae3a40b07222d62b3aa47f608fab"},
    {file = "coverage-7.11.0-cp310-cp310-manylinux1_x86_64.manylinux_2_28_x86_64.manylinux_2_5_x86_64.whl", hash = "sha256:e44a86a47bbdf83b0a3ea4d7df5410d6b1a0de984fbd805fa5101f3624b9abe0"},
    {file = "coverage-7.11.0-cp310-cp310-manylinux2014_aarch64.manylinux_2_17_aarch64.manylinux_2_28_aarch64.whl", hash = "sha256:596763d2f9a0ee7eec6e643e29660def2eef297e1de0d334c78c08706f1cb785"},
    {file = "coverage-7.11.0-cp310-cp310-manylinux_2_31_riscv64.manylinux_2_39_riscv64.whl", hash = "sha256:ef55537ff511b5e0a43edb4c50a7bf7ba1c3eea20b4f49b1490f1e8e0e42c591"},
    {file = "coverage-7.11.0-cp310-cp310-musllinux_1_2_aarch64.whl", hash = "sha256:9cbabd8f4d0d3dc571d77ae5bdbfa6afe5061e679a9d74b6797c48d143307088"},
    {file = "coverage-7.11.0-cp310-cp310-musllinux_1_2_i686.whl", hash = "sha256:e24045453384e0ae2a587d562df2a04d852672eb63051d16096d3f08aa4c7c2f"},
    {file = "coverage-7.11.0-cp310-cp310-musllinux_1_2_riscv64.whl", hash = "sha256:7161edd3426c8d19bdccde7d49e6f27f748f3c31cc350c5de7c633fea445d866"},
    {file = "coverage-7.11.0-cp310-cp310-musllinux_1_2_x86_64.whl", hash = "sha256:3d4ed4de17e692ba6415b0587bc7f12bc80915031fc9db46a23ce70fc88c9841"},
    {file = "coverage-7.11.0-cp310-cp310-win32.whl", hash = "sha256:765c0bc8fe46f48e341ef737c91c715bd2a53a12792592296a095f0c237e09cf"},
    {file = "coverage-7.11.0-cp310-cp310-win_amd64.whl", hash = "sha256:24d6f3128f1b2d20d84b24f4074475457faedc3d4613a7e66b5e769939c7d969"},
    {file = "coverage-7.11.0-cp311-cp311-macosx_10_9_x86_64.whl", hash = "sha256:3d58ecaa865c5b9fa56e35efc51d1014d4c0d22838815b9fce57a27dd9576847"},
    {file = "coverage-7.11.0-cp311-cp311-macosx_11_0_arm64.whl", hash = "sha256:b679e171f1c104a5668550ada700e3c4937110dbdd153b7ef9055c4f1a1ee3cc"},
    {file = "coverage-7.11.0-cp311-cp311-manylinux1_i686.manylinux_2_28_i686.manylinux_2_5_i686.whl", hash = "sha256:ca61691ba8c5b6797deb221a0d09d7470364733ea9c69425a640f1f01b7c5bf0"},
    {file = "coverage-7.11.0-cp311-cp311-manylinux1_x86_64.manylinux_2_28_x86_64.manylinux_2_5_x86_64.whl", hash = "sha256:aef1747ede4bd8ca9cfc04cc3011516500c6891f1b33a94add3253f6f876b7b7"},
    {file = "coverage-7.11.0-cp311-cp311-manylinux2014_aarch64.manylinux_2_17_aarch64.manylinux_2_28_aarch64.whl", hash = "sha256:a1839d08406e4cba2953dcc0ffb312252f14d7c4c96919f70167611f4dee2623"},
    {file = "coverage-7.11.0-cp311-cp311-manylinux_2_31_riscv64.manylinux_2_39_riscv64.whl", hash = "sha256:e0eb0a2dcc62478eb5b4cbb80b97bdee852d7e280b90e81f11b407d0b81c4287"},
    {file = "coverage-7.11.0-cp311-cp311-musllinux_1_2_aarch64.whl", hash = "sha256:bc1fbea96343b53f65d5351d8fd3b34fd415a2670d7c300b06d3e14a5af4f552"},
    {file = "coverage-7.11.0-cp311-cp311-musllinux_1_2_i686.whl", hash = "sha256:214b622259dd0cf435f10241f1333d32caa64dbc27f8790ab693428a141723de"},
    {file = "coverage-7.11.0-cp311-cp311-musllinux_1_2_riscv64.whl", hash = "sha256:258d9967520cca899695d4eb7ea38be03f06951d6ca2f21fb48b1235f791e601"},
    {file = "coverage-7.11.0-cp311-cp311-musllinux_1_2_x86_64.whl", hash = "sha256:cf9e6ff4ca908ca15c157c409d608da77a56a09877b97c889b98fb2c32b6465e"},
    {file = "coverage-7.11.0-cp311-cp311-win32.whl", hash = "sha256:fcc15fc462707b0680cff6242c48625da7f9a16a28a41bb8fd7a4280920e676c"},
    {file = "coverage-7.11.0-cp311-cp311-win_amd64.whl", hash = "sha256:865965bf955d92790f1facd64fe7ff73551bd2c1e7e6b26443934e9701ba30b9"},
    {file = "coverage-7.11.0-cp311-cp311-win_arm64.whl", hash = "sha256:5693e57a065760dcbeb292d60cc4d0231a6d4b6b6f6a3191561e1d5e8820b745"},
    {file = "coverage-7.11.0-cp312-cp312-macosx_10_13_x86_64.whl", hash = "sha256:9c49e77811cf9d024b95faf86c3f059b11c0c9be0b0d61bc598f453703bd6fd1"},
    {file = "coverage-7.11.0-cp312-cp312-macosx_11_0_arm64.whl", hash = "sha256:a61e37a403a778e2cda2a6a39abcc895f1d984071942a41074b5c7ee31642007"},
    {file = "coverage-7.11.0-cp312-cp312-manylinux1_i686.manylinux_2_28_i686.manylinux_2_5_i686.whl", hash = "sha256:c79cae102bb3b1801e2ef1511fb50e91ec83a1ce466b2c7c25010d884336de46"},
    {file = "coverage-7.11.0-cp312-cp312-manylinux1_x86_64.manylinux_2_28_x86_64.manylinux_2_5_x86_64.whl", hash = "sha256:16ce17ceb5d211f320b62df002fa7016b7442ea0fd260c11cec8ce7730954893"},
    {file = "coverage-7.11.0-cp312-cp312-manylinux2014_aarch64.manylinux_2_17_aarch64.manylinux_2_28_aarch64.whl", hash = "sha256:80027673e9d0bd6aef86134b0771845e2da85755cf686e7c7c59566cf5a89115"},
    {file = "coverage-7.11.0-cp312-cp312-manylinux_2_31_riscv64.manylinux_2_39_riscv64.whl", hash = "sha256:4d3ffa07a08657306cd2215b0da53761c4d73cb54d9143b9303a6481ec0cd415"},
    {file = "coverage-7.11.0-cp312-cp312-musllinux_1_2_aarch64.whl", hash = "sha256:a3b6a5f8b2524fd6c1066bc85bfd97e78709bb5e37b5b94911a6506b65f47186"},
    {file = "coverage-7.11.0-cp312-cp312-musllinux_1_2_i686.whl", hash = "sha256:fcc0a4aa589de34bc56e1a80a740ee0f8c47611bdfb28cd1849de60660f3799d"},
    {file = "coverage-7.11.0-cp312-cp312-musllinux_1_2_riscv64.whl", hash = "sha256:dba82204769d78c3fd31b35c3d5f46e06511936c5019c39f98320e05b08f794d"},
    {file = "coverage-7.11.0-cp312-cp312-musllinux_1_2_x86_64.whl", hash = "sha256:81b335f03ba67309a95210caf3eb43bd6fe75a4e22ba653ef97b4696c56c7ec2"},
    {file = "coverage-7.11.0-cp312-cp312-win32.whl", hash = "sha256:037b2d064c2f8cc8716fe4d39cb705779af3fbf1ba318dc96a1af858888c7bb5"},
    {file = "coverage-7.11.0-cp312-cp312-win_amd64.whl", hash = "sha256:d66c0104aec3b75e5fd897e7940188ea1892ca1d0235316bf89286d6a22568c0"},
    {file = "coverage-7.11.0-cp312-cp312-win_arm64.whl", hash = "sha256:d91ebeac603812a09cf6a886ba6e464f3bbb367411904ae3790dfe28311b15ad"},
    {file = "coverage-7.11.0-cp313-cp313-macosx_10_13_x86_64.whl", hash = "sha256:cc3f49e65ea6e0d5d9bd60368684fe52a704d46f9e7fc413918f18d046ec40e1"},
    {file = "coverage-7.11.0-cp313-cp313-macosx_11_0_arm64.whl", hash = "sha256:f39ae2f63f37472c17b4990f794035c9890418b1b8cca75c01193f3c8d3e01be"},
    {file = "coverage-7.11.0-cp313-cp313-manylinux1_i686.manylinux_2_28_i686.manylinux_2_5_i686.whl", hash = "sha256:7db53b5cdd2917b6eaadd0b1251cf4e7d96f4a8d24e174bdbdf2f65b5ea7994d"},
    {file = "coverage-7.11.0-cp313-cp313-manylinux1_x86_64.manylinux_2_28_x86_64.manylinux_2_5_x86_64.whl", hash = "sha256:10ad04ac3a122048688387828b4537bc9cf60c0bf4869c1e9989c46e45690b82"},
    {file = "coverage-7.11.0-cp313-cp313-manylinux2014_aarch64.manylinux_2_17_aarch64.manylinux_2_28_aarch64.whl", hash = "sha256:4036cc9c7983a2b1f2556d574d2eb2154ac6ed55114761685657e38782b23f52"},
    {file = "coverage-7.11.0-cp313-cp313-manylinux_2_31_riscv64.manylinux_2_39_riscv64.whl", hash = "sha256:7ab934dd13b1c5e94b692b1e01bd87e4488cb746e3a50f798cb9464fd128374b"},
    {file = "coverage-7.11.0-cp313-cp313-musllinux_1_2_aarch64.whl", hash = "sha256:59a6e5a265f7cfc05f76e3bb53eca2e0dfe90f05e07e849930fecd6abb8f40b4"},
    {file = "coverage-7.11.0-cp313-cp313-musllinux_1_2_i686.whl", hash = "sha256:df01d6c4c81e15a7c88337b795bb7595a8596e92310266b5072c7e301168efbd"},
    {file = "coverage-7.11.0-cp313-cp313-musllinux_1_2_riscv64.whl", hash = "sha256:8c934bd088eed6174210942761e38ee81d28c46de0132ebb1801dbe36a390dcc"},
    {file = "coverage-7.11.0-cp313-cp313-musllinux_1_2_x86_64.whl", hash = "sha256:5a03eaf7ec24078ad64a07f02e30060aaf22b91dedf31a6b24d0d98d2bba7f48"},
    {file = "coverage-7.11.0-cp313-cp313-win32.whl", hash = "sha256:695340f698a5f56f795b2836abe6fb576e7c53d48cd155ad2f80fd24bc63a040"},
    {file = "coverage-7.11.0-cp313-cp313-win_amd64.whl", hash = "sha256:2727d47fce3ee2bac648528e41455d1b0c46395a087a229deac75e9f88ba5a05"},
    {file = "coverage-7.11.0-cp313-cp313-win_arm64.whl", hash = "sha256:0efa742f431529699712b92ecdf22de8ff198df41e43aeaaadf69973eb93f17a"},
    {file = "coverage-7.11.0-cp313-cp313t-macosx_10_13_x86_64.whl", hash = "sha256:587c38849b853b157706407e9ebdca8fd12f45869edb56defbef2daa5fb0812b"},
    {file = "coverage-7.11.0-cp313-cp313t-macosx_11_0_arm64.whl", hash = "sha256:b971bdefdd75096163dd4261c74be813c4508477e39ff7b92191dea19f24cd37"},
    {file = "coverage-7.11.0-cp313-cp313t-manylinux1_i686.manylinux_2_28_i686.manylinux_2_5_i686.whl", hash = "sha256:269bfe913b7d5be12ab13a95f3a76da23cf147be7fa043933320ba5625f0a8de"},
    {file = "coverage-7.11.0-cp313-cp313t-manylinux1_x86_64.manylinux_2_28_x86_64.manylinux_2_5_x86_64.whl", hash = "sha256:dadbcce51a10c07b7c72b0ce4a25e4b6dcb0c0372846afb8e5b6307a121eb99f"},
    {file = "coverage-7.11.0-cp313-cp313t-manylinux2014_aarch64.manylinux_2_17_aarch64.manylinux_2_28_aarch64.whl", hash = "sha256:9ed43fa22c6436f7957df036331f8fe4efa7af132054e1844918866cd228af6c"},
    {file = "coverage-7.11.0-cp313-cp313t-manylinux_2_31_riscv64.manylinux_2_39_riscv64.whl", hash = "sha256:9516add7256b6713ec08359b7b05aeff8850c98d357784c7205b2e60aa2513fa"},
    {file = "coverage-7.11.0-cp313-cp313t-musllinux_1_2_aarch64.whl", hash = "sha256:eb92e47c92fcbcdc692f428da67db33337fa213756f7adb6a011f7b5a7a20740"},
    {file = "coverage-7.11.0-cp313-cp313t-musllinux_1_2_i686.whl", hash = "sha256:d06f4fc7acf3cabd6d74941d53329e06bab00a8fe10e4df2714f0b134bfc64ef"},
    {file = "coverage-7.11.0-cp313-cp313t-musllinux_1_2_riscv64.whl", hash = "sha256:6fbcee1a8f056af07ecd344482f711f563a9eb1c2cad192e87df00338ec3cdb0"},
    {file = "coverage-7.11.0-cp313-cp313t-musllinux_1_2_x86_64.whl", hash = "sha256:dbbf012be5f32533a490709ad597ad8a8ff80c582a95adc8d62af664e532f9ca"},
    {file = "coverage-7.11.0-cp313-cp313t-win32.whl", hash = "sha256:cee6291bb4fed184f1c2b663606a115c743df98a537c969c3c64b49989da96c2"},
    {file = "coverage-7.11.0-cp313-cp313t-win_amd64.whl", hash = "sha256:a386c1061bf98e7ea4758e4313c0ab5ecf57af341ef0f43a0bf26c2477b5c268"},
    {file = "coverage-7.11.0-cp313-cp313t-win_arm64.whl", hash = "sha256:f9ea02ef40bb83823b2b04964459d281688fe173e20643870bb5d2edf68bc836"},
    {file = "coverage-7.11.0-cp314-cp314-macosx_10_13_x86_64.whl", hash = "sha256:c770885b28fb399aaf2a65bbd1c12bf6f307ffd112d6a76c5231a94276f0c497"},
    {file = "coverage-7.11.0-cp314-cp314-macosx_11_0_arm64.whl", hash = "sha256:a3d0e2087dba64c86a6b254f43e12d264b636a39e88c5cc0a01a7c71bcfdab7e"},
    {file = "coverage-7.11.0-cp314-cp314-manylinux1_i686.manylinux_2_28_i686.manylinux_2_5_i686.whl", hash = "sha256:73feb83bb41c32811973b8565f3705caf01d928d972b72042b44e97c71fd70d1"},
    {file = "coverage-7.11.0-cp314-cp314-manylinux1_x86_64.manylinux_2_28_x86_64.manylinux_2_5_x86_64.whl", hash = "sha256:c6f31f281012235ad08f9a560976cc2fc9c95c17604ff3ab20120fe480169bca"},
    {file = "coverage-7.11.0-cp314-cp314-manylinux2014_aarch64.manylinux_2_17_aarch64.manylinux_2_28_aarch64.whl", hash = "sha256:e9570ad567f880ef675673992222746a124b9595506826b210fbe0ce3f0499cd"},
    {file = "coverage-7.11.0-cp314-cp314-manylinux_2_31_riscv64.manylinux_2_39_riscv64.whl", hash = "sha256:8badf70446042553a773547a61fecaa734b55dc738cacf20c56ab04b77425e43"},
    {file = "coverage-7.11.0-cp314-cp314-musllinux_1_2_aarch64.whl", hash = "sha256:a09c1211959903a479e389685b7feb8a17f59ec5a4ef9afde7650bd5eabc2777"},
    {file = "coverage-7.11.0-cp314-cp314-musllinux_1_2_i686.whl", hash = "sha256:5ef83b107f50db3f9ae40f69e34b3bd9337456c5a7fe3461c7abf8b75dd666a2"},
    {file = "coverage-7.11.0-cp314-cp314-musllinux_1_2_riscv64.whl", hash = "sha256:f91f927a3215b8907e214af77200250bb6aae36eca3f760f89780d13e495388d"},
    {file = "coverage-7.11.0-cp314-cp314-musllinux_1_2_x86_64.whl", hash = "sha256:cdbcd376716d6b7fbfeedd687a6c4be019c5a5671b35f804ba76a4c0a778cba4"},
    {file = "coverage-7.11.0-cp314-cp314-win32.whl", hash = "sha256:bab7ec4bb501743edc63609320aaec8cd9188b396354f482f4de4d40a9d10721"},
    {file = "coverage-7.11.0-cp314-cp314-win_amd64.whl", hash = "sha256:3d4ba9a449e9364a936a27322b20d32d8b166553bfe63059bd21527e681e2fad"},
    {file = "coverage-7.11.0-cp314-cp314-win_arm64.whl", hash = "sha256:ce37f215223af94ef0f75ac68ea096f9f8e8c8ec7d6e8c346ee45c0d363f0479"},
    {file = "coverage-7.11.0-cp314-cp314t-macosx_10_13_x86_64.whl", hash = "sha256:f413ce6e07e0d0dc9c433228727b619871532674b45165abafe201f200cc215f"},
    {file = "coverage-7.11.0-cp314-cp314t-macosx_11_0_arm64.whl", hash = "sha256:05791e528a18f7072bf5998ba772fe29db4da1234c45c2087866b5ba4dea710e"},
    {file = "coverage-7.11.0-cp314-cp314t-manylinux1_i686.manylinux_2_28_i686.manylinux_2_5_i686.whl", hash = "sha256:cacb29f420cfeb9283b803263c3b9a068924474ff19ca126ba9103e1278dfa44"},
    {file = "coverage-7.11.0-cp314-cp314t-manylinux1_x86_64.manylinux_2_28_x86_64.manylinux_2_5_x86_64.whl", hash = "sha256:314c24e700d7027ae3ab0d95fbf8d53544fca1f20345fd30cd219b737c6e58d3"},
    {file = "coverage-7.11.0-cp314-cp314t-manylinux2014_aarch64.manylinux_2_17_aarch64.manylinux_2_28_aarch64.whl", hash = "sha256:630d0bd7a293ad2fc8b4b94e5758c8b2536fdf36c05f1681270203e463cbfa9b"},
    {file = "coverage-7.11.0-cp314-cp314t-manylinux_2_31_riscv64.manylinux_2_39_riscv64.whl", hash = "sha256:e89641f5175d65e2dbb44db15fe4ea48fade5d5bbb9868fdc2b4fce22f4a469d"},
    {file = "coverage-7.11.0-cp314-cp314t-musllinux_1_2_aarch64.whl", hash = "sha256:c9f08ea03114a637dab06cedb2e914da9dc67fa52c6015c018ff43fdde25b9c2"},
    {file = "coverage-7.11.0-cp314-cp314t-musllinux_1_2_i686.whl", hash = "sha256:ce9f3bde4e9b031eaf1eb61df95c1401427029ea1bfddb8621c1161dcb0fa02e"},
    {file = "coverage-7.11.0-cp314-cp314t-musllinux_1_2_riscv64.whl", hash = "sha256:e4dc07e95495923d6fd4d6c27bf70769425b71c89053083843fd78f378558996"},
    {file = "coverage-7.11.0-cp314-cp314t-musllinux_1_2_x86_64.whl", hash = "sha256:424538266794db2861db4922b05d729ade0940ee69dcf0591ce8f69784db0e11"},
    {file = "coverage-7.11.0-cp314-cp314t-win32.whl", hash = "sha256:4c1eeb3fb8eb9e0190bebafd0462936f75717687117339f708f395fe455acc73"},
    {file = "coverage-7.11.0-cp314-cp314t-win_amd64.whl", hash = "sha256:b56efee146c98dbf2cf5cffc61b9829d1e94442df4d7398b26892a53992d3547"},
    {file = "coverage-7.11.0-cp314-cp314t-win_arm64.whl", hash = "sha256:b5c2705afa83f49bd91962a4094b6b082f94aef7626365ab3f8f4bd159c5acf3"},
    {file = "coverage-7.11.0-py3-none-any.whl", hash = "sha256:4b7589765348d78fb4e5fb6ea35d07564e387da2fc5efff62e0222971f155f68"},
    {file = "coverage-7.11.0.tar.gz", hash = "sha256:167bd504ac1ca2af7ff3b81d245dfea0292c5032ebef9d66cc08a7d28c1b8050"},
]

[package.extras]
toml = ["tomli ; python_full_version <= \"3.11.0a6\""]

[[package]]
name = "dnspython"
version = "2.8.0"
description = "DNS toolkit"
optional = false
python-versions = ">=3.10"
groups = ["main"]
files = [
    {file = "dnspython-2.8.0-py3-none-any.whl", hash = "sha256:01d9bbc4a2d76bf0db7c1f729812ded6d912bd318d3b1cf81d30c0f845dbf3af"},
    {file = "dnspython-2.8.0.tar.gz", hash = "sha256:181d3c6996452cb1189c4046c61599b84a5a86e099562ffde77d26984ff26d0f"},
]

[package.extras]
dev = ["black (>=25.1.0)", "coverage (>=7.0)", "flake8 (>=7)", "hypercorn (>=0.17.0)", "mypy (>=1.17)", "pylint (>=3)", "pytest (>=8.4)", "pytest-cov (>=6.2.0)", "quart-trio (>=0.12.0)", "sphinx (>=8.2.0)", "sphinx-rtd-theme (>=3.0.0)", "twine (>=6.1.0)", "wheel (>=0.45.0)"]
dnssec = ["cryptography (>=45)"]
doh = ["h2 (>=4.2.0)", "httpcore (>=1.0.0)", "httpx (>=0.28.0)"]
doq = ["aioquic (>=1.2.0)"]
idna = ["idna (>=3.10)"]
trio = ["trio (>=0.30)"]
wmi = ["wmi (>=1.5.1) ; platform_system == \"Windows\""]

[[package]]
name = "iniconfig"
version = "2.3.0"
description = "brain-dead simple config-ini parsing"
optional = false
python-versions = ">=3.10"
groups = ["dev"]
files = [
    {file = "iniconfig-2.3.0-py3-none-any.whl", hash = "sha256:f631c04d2c48c52b84d0d0549c99ff3859c98df65b3101406327ecc7d53fbf12"},
    {file = "iniconfig-2.3.0.tar.gz", hash = "sha256:c76315c77db068650d49c5b56314774a7804df16fee4402c1f19d6d15d8c4730"},
]

[[package]]
name = "packaging"
version = "25.0"
description = "Core utilities for Python packages"
optional = false
python-versions = ">=3.8"
groups = ["dev"]
files = [
    {file = "packaging-25.0-py3-none-any.whl", hash = "sha256:29572ef2b1f17581046b3a2227d5c611fb25ec70ca1ba8554b24b0e69331a484"},
    {file = "packaging-25.0.tar.gz", hash = "sha256:d443872c98d677bf60f6a1f2f8c1cb748e8fe762d2bf9d3148b5599295b0fc4f"},
]

[[package]]
name = "pluggy"
version = "1.6.0"
description = "plugin and hook calling mechanisms for python"
optional = false
python-versions = ">=3.9"
groups = ["dev"]
files = [
    {file = "pluggy-1.6.0-py3-none-any.whl", hash = "sha256:e920276dd6813095e9377c0bc5566d94c932c33b27a3e3945d8389c374dd4746"},
    {file = "pluggy-1.6.0.tar.gz", hash = "sha256:7dcc130b76258d33b90f61b658791dede3486c3e6bfb003ee5c9bfb396dd22f3"},
]

[package.extras]
dev = ["pre-commit", "tox"]
testing = ["coverage", "pytest", "pytest-benchmark"]

[[package]]
name = "pymongo"
version = "4.15.3"
description = "PyMongo - the Official MongoDB Python driver"
optional = false
python-versions = ">=3.9"
groups = ["main"]
files = [
    {file = "pymongo-4.15.3-cp310-cp310-macosx_10_9_x86_64.whl", hash = "sha256:482ca9b775747562ce1589df10c97a0e62a604ce5addf933e5819dd967c5e23c"},
    {file = "pymongo-4.15.3-cp310-cp310-macosx_11_0_arm64.whl", hash = "sha256:c7eb497519f42ac89c30919a51f80e68a070cfc2f3b0543cac74833cd45a6b9c"},
    {file = "pymongo-4.15.3-cp310-cp310-manylinux1_i686.manylinux_2_28_i686.manylinux_2_5_i686.whl", hash = "sha256:4a0a054e9937ec8fdb465835509b176f6b032851c8648f6a5d1b19932d0eacd6"},
    {file = "pymongo-4.15.3-cp310-cp310-manylinux2014_aarch64.manylinux_2_17_aarch64.manylinux_2_28_aarch64.whl", hash = "sha256:49fd6e158cf75771b2685a8a221a40ab96010ae34dd116abd06371dc6c38ab60"},
    {file = "pymongo-4.15.3-cp310-cp310-manylinux2014_ppc64le.manylinux_2_17_ppc64le.manylinux_2_28_ppc64le.whl", hash = "sha256:82a490f1ade4ec6a72068e3676b04c126e3043e69b38ec474a87c6444cf79098"},
    {file = "pymongo-4.15.3-cp310-cp310-manylinux2014_s390x.manylinux_2_17_s390x.manylinux_2_28_s390x.whl", hash = "sha256:982107c667921e896292f4be09c057e2f1a40c645c9bfc724af5dd5fb8398094"},
    {file = "pymongo-4.15.3-cp310-cp310-manylinux2014_x86_64.manylinux_2_17_x86_64.manylinux_2_28_x86_64.whl", hash = "sha256:45aebbd369ca79b7c46eaea5b04d2e4afca4eda117b68965a07a9da05d774e4d"},
    {file = "pymongo-4.15.3-cp310-cp310-win32.whl", hash = "sha256:90ad56bd1d769d2f44af74f0fd0c276512361644a3c636350447994412cbc9a1"},
    {file = "pymongo-4.15.3-cp310-cp310-win_amd64.whl", hash = "sha256:8bd6dd736f5d07a825caf52c38916d5452edc0fac7aee43ec67aba6f61c2dbb7"},
    {file = "pymongo-4.15.3-cp310-cp310-win_arm64.whl", hash = "sha256:300eaf83ad053e51966be1839324341b08eaf880d3dc63ada7942d5912e09c49"},
    {file = "pymongo-4.15.3-cp311-cp311-macosx_10_9_x86_64.whl", hash = "sha256:39a13d8f7141294404ce46dfbabb2f2d17e9b1192456651ae831fa351f86fbeb"},
    {file = "pymongo-4.15.3-cp311-cp311-macosx_11_0_arm64.whl", hash = "sha256:17d13458baf4a6a9f2e787d95adf8ec50d412accb9926a044bd1c41029c323b2"},
    {file = "pymongo-4.15.3-cp311-cp311-manylinux1_i686.manylinux_2_28_i686.manylinux_2_5_i686.whl", hash = "sha256:fe4bcb8acfb288e238190397d4a699aeb4adb70e8545a6f4e44f99d4e8096ab1"},
    {file = "pymongo-4.15.3-cp311-cp311-manylinux2014_aarch64.manylinux_2_17_aarch64.manylinux_2_28_aarch64.whl", hash = "sha256:d09d895c7f08bcbed4d2e96a00e52e9e545ae5a37b32d2dc10099b205a21fc6d"},
    {file = "pymongo-4.15.3-cp311-cp311-manylinux2014_ppc64le.manylinux_2_17_ppc64le.manylinux_2_28_ppc64le.whl", hash = "sha256:21c0a95a4db72562fd0805e2f76496bf432ba2e27a5651f4b9c670466260c258"},
    {file = "pymongo-4.15.3-cp311-cp311-manylinux2014_s390x.manylinux_2_17_s390x.manylinux_2_28_s390x.whl", hash = "sha256:89e45d7fa987f4e246cdf43ff001e3f911f73eb19ba9dabc2a6d80df5c97883b"},
    {file = "pymongo-4.15.3-cp311-cp311-manylinux2014_x86_64.manylinux_2_17_x86_64.manylinux_2_28_x86_64.whl", hash = "sha256:1246a82fa6dd73ac2c63aa7e463752d5d1ca91e0c7a23396b78f21273befd3a7"},
    {file = "pymongo-4.15.3-cp311-cp311-win32.whl", hash = "sha256:9483521c03f6017336f54445652ead3145154e8d3ea06418e52cea57fee43292"},
    {file = "pymongo-4.15.3-cp311-cp311-win_amd64.whl", hash = "sha256:c57dad9f289d72af1d7c47a444c4d9fa401f951cedbbcc54c7dd0c2107d6d786"},
    {file = "pymongo-4.15.3-cp311-cp311-win_arm64.whl", hash = "sha256:2fd3b99520f2bb013960ac29dece1b43f2f1b6d94351ca33ba1b1211ecf79a09"},
    {file = "pymongo-4.15.3-cp312-cp312-macosx_10_13_x86_64.whl", hash = "sha256:bd0497c564b0ae34fb816464ffc09986dd9ca29e2772a0f7af989e472fecc2ad"},
    {file = "pymongo-4.15.3-cp312-cp312-macosx_11_0_arm64.whl", hash = "sha256:292fd5a3f045751a823a54cdea75809b2216a62cc5f74a1a96b337db613d46a8"},
    {file = "pymongo-4.15.3-cp312-cp312-manylinux1_i686.manylinux_2_28_i686.manylinux_2_5_i686.whl", hash = "sha256:959ef69c5e687b6b749fbf2140c7062abdb4804df013ae0507caabf30cba6875"},
    {file = "pymongo-4.15.3-cp312-cp312-manylinux2014_aarch64.manylinux_2_17_aarch64.manylinux_2_28_aarch64.whl", hash = "sha256:de3bc878c3be54ae41c2cabc9e9407549ed4fec41f4e279c04e840dddd7c630c"},
    {file = "pymongo-4.15.3-cp312-cp312-manylinux2014_ppc64le.manylinux_2_17_ppc64le.manylinux_2_28_ppc64le.whl", hash = "sha256:07bcc36d11252f24fe671e7e64044d39a13d997b0502c6401161f28cc144f584"},
    {file = "pymongo-4.15.3-cp312-cp312-manylinux2014_s390x.manylinux_2_17_s390x.manylinux_2_28_s390x.whl", hash = "sha256:b63bac343b79bd209e830aac1f5d9d552ff415f23a924d3e51abbe3041265436"},
    {file = "pymongo-4.15.3-cp312-cp312-manylinux2014_x86_64.manylinux_2_17_x86_64.manylinux_2_28_x86_64.whl", hash = "sha256:b33d59bf6fa1ca1d7d96d4fccff51e41312358194190d53ef70a84c070f5287e"},
    {file = "pymongo-4.15.3-cp312-cp312-win32.whl", hash = "sha256:b3a0ec660d61efb91c16a5962ec937011fe3572c4338216831f102e53d294e5c"},
    {file = "pymongo-4.15.3-cp312-cp312-win_amd64.whl", hash = "sha256:f6b0513e5765fdde39f36e6a29a36c67071122b5efa748940ae51075beb5e4bc"},
    {file = "pymongo-4.15.3-cp312-cp312-win_arm64.whl", hash = "sha256:c4fdd8e6eab8ff77c1c8041792b5f760d48508623cd10b50d5639e73f1eec049"},
    {file = "pymongo-4.15.3-cp313-cp313-macosx_10_13_x86_64.whl", hash = "sha256:a47a3218f7900f65bf0f36fcd1f2485af4945757360e7e143525db9d715d2010"},
    {file = "pymongo-4.15.3-cp313-cp313-macosx_11_0_arm64.whl", hash = "sha256:09440e78dff397b2f34a624f445ac8eb44c9756a2688b85b3bf344d351d198e1"},
    {file = "pymongo-4.15.3-cp313-cp313-manylinux1_i686.manylinux_2_28_i686.manylinux_2_5_i686.whl", hash = "sha256:97f9babdb98c31676f97d468f7fe2dc49b8a66fb6900effddc4904c1450196c8"},
    {file = "pymongo-4.15.3-cp313-cp313-manylinux2014_aarch64.manylinux_2_17_aarch64.manylinux_2_28_aarch64.whl", hash = "sha256:71413cd8f091ae25b1fec3af7c2e531cf9bdb88ce4079470e64835f6a664282a"},
    {file = "pymongo-4.15.3-cp313-cp313-manylinux2014_ppc64le.manylinux_2_17_ppc64le.manylinux_2_28_ppc64le.whl", hash = "sha256:76a8d4de8dceb69f6e06736198ff6f7e1149515ef946f192ff2594d2cc98fc53"},
    {file = "pymongo-4.15.3-cp313-cp313-manylinux2014_s390x.manylinux_2_17_s390x.manylinux_2_28_s390x.whl", hash = "sha256:77353978be9fc9e5fe56369682efed0aac5f92a2a1570704d62b62a3c9e1a24f"},
    {file = "pymongo-4.15.3-cp313-cp313-manylinux2014_x86_64.manylinux_2_17_x86_64.manylinux_2_28_x86_64.whl", hash = "sha256:9897a837677e3814873d0572f7e5d53c23ce18e274f3b5b87f05fb6eea22615b"},
    {file = "pymongo-4.15.3-cp313-cp313-win32.whl", hash = "sha256:d66da207ccb0d68c5792eaaac984a0d9c6c8ec609c6bcfa11193a35200dc5992"},
    {file = "pymongo-4.15.3-cp313-cp313-win_amd64.whl", hash = "sha256:52f40c4b8c00bc53d4e357fe0de13d031c4cddb5d201e1a027db437e8d2887f8"},
    {file = "pymongo-4.15.3-cp313-cp313-win_arm64.whl", hash = "sha256:fb384623ece34db78d445dd578a52d28b74e8319f4d9535fbaff79d0eae82b3d"},
    {file = "pymongo-4.15.3-cp314-cp314-macosx_10_13_x86_64.whl", hash = "sha256:dcff15b9157c16bc796765d4d3d151df669322acfb0357e4c3ccd056153f0ff4"},
    {file = "pymongo-4.15.3-cp314-cp314-macosx_11_0_arm64.whl", hash = "sha256:1f681722c9f27e86c49c2e8a838e61b6ecf2285945fd1798bd01458134257834"},
    {file = "pymongo-4.15.3-cp314-cp314-manylinux1_i686.manylinux_2_28_i686.manylinux_2_5_i686.whl", hash = "sha256:2c96dde79bdccd167b930a709875b0cd4321ac32641a490aebfa10bdcd0aa99b"},
    {file = "pymongo-4.15.3-cp314-cp314-manylinux2014_aarch64.manylinux_2_17_aarch64.manylinux_2_28_aarch64.whl", hash = "sha256:d2d4ca446348d850ac4a5c3dc603485640ae2e7805dbb90765c3ba7d79129b37"},
    {file = "pymongo-4.15.3-cp314-cp314-manylinux2014_ppc64le.manylinux_2_17_ppc64le.manylinux_2_28_ppc64le.whl", hash = "sha256:7c0fd3de3a12ff0a8113a3f64cedb01f87397ab8eaaffa88d7f18ca66cd39385"},
    {file = "pymongo-4.15.3-cp314-cp314-manylinux2014_s390x.manylinux_2_17_s390x.manylinux_2_28_s390x.whl", hash = "sha256:e84dec392cf5f72d365e0aac73f627b0a3170193ebb038c3f7e7df11b7983ee7"},
    {file = "pymongo-4.15.3-cp314-cp314-manylinux2014_x86_64.manylinux_2_17_x86_64.manylinux_2_28_x86_64.whl", hash = "sha256:8d4b01a48369ea6d5bc83fea535f56279f806aa3e4991189f0477696dd736289"},
    {file = "pymongo-4.15.3-cp314-cp314-win32.whl", hash = "sha256:3561fa96c3123275ec5ccf919e595547e100c412ec0894e954aa0da93ecfdb9e"},
    {file = "pymongo-4.15.3-cp314-cp314-win_amd64.whl", hash = "sha256:9df2db6bd91b07400879b6ec89827004c0c2b55fc606bb62db93cafb7677c340"},
    {file = "pymongo-4.15.3-cp314-cp314-win_arm64.whl", hash = "sha256:ff99864085d2c7f4bb672c7167680ceb7d273e9a93c1a8074c986a36dbb71cc6"},
    {file = "pymongo-4.15.3-cp314-cp314t-macosx_10_13_x86_64.whl", hash = "sha256:ffe217d2502f3fba4e2b0dc015ce3b34f157b66dfe96835aa64432e909dd0d95"},
    {file = "pymongo-4.15.3-cp314-cp314t-macosx_11_0_arm64.whl", hash = "sha256:390c4954c774eda280898e73aea36482bf20cba3ecb958dbb86d6a68b9ecdd68"},
    {file = "pymongo-4.15.3-cp314-cp314t-manylinux1_i686.manylinux_2_28_i686.manylinux_2_5_i686.whl", hash = "sha256:7dd2a49f088890ca08930bbf96121443b48e26b02b84ba0a3e1ae2bf2c5a9b48"},
    {file = "pymongo-4.15.3-cp314-cp314t-manylinux2014_aarch64.manylinux_2_17_aarch64.manylinux_2_28_aarch64.whl", hash = "sha256:5f6feb678f26171f2a6b2cbb340949889154c7067972bd4cc129b62161474f08"},
    {file = "pymongo-4.15.3-cp314-cp314t-manylinux2014_ppc64le.manylinux_2_17_ppc64le.manylinux_2_28_ppc64le.whl", hash = "sha256:446417a34ff6c2411ce3809e17ce9a67269c9f1cb4966b01e49e0c590cc3c6b3"},
    {file = "pymongo-4.15.3-cp314-cp314t-manylinux2014_s390x.manylinux_2_17_s390x.manylinux_2_28_s390x.whl", hash = "sha256:cfa4a0a0f024a0336640e1201994e780a17bda5e6a7c0b4d23841eb9152e868b"},
    {file = "pymongo-4.15.3-cp314-cp314t-manylinux2014_x86_64.manylinux_2_17_x86_64.manylinux_2_28_x86_64.whl", hash = "sha256:9b03db2fe37c950aff94b29ded5c349b23729bccd90a0a5907bbf807d8c77298"},
    {file = "pymongo-4.15.3-cp314-cp314t-win32.whl", hash = "sha256:e7cde58ef6470c0da922b65e885fb1ffe04deef81e526bd5dea429290fa358ca"},
    {file = "pymongo-4.15.3-cp314-cp314t-win_amd64.whl", hash = "sha256:fae552767d8e5153ed498f1bca92d905d0d46311d831eefb0f06de38f7695c95"},
    {file = "pymongo-4.15.3-cp314-cp314t-win_arm64.whl", hash = "sha256:47ffb068e16ae5e43580d5c4e3b9437f05414ea80c32a1e5cac44a835859c259"},
    {file = "pymongo-4.15.3-cp39-cp39-macosx_10_9_x86_64.whl", hash = "sha256:58d0f4123855f05c0649f9b8ee083acc5b26e7f4afde137cd7b8dc03e9107ff3"},
    {file = "pymongo-4.15.3-cp39-cp39-macosx_11_0_arm64.whl", hash = "sha256:9bc9f99e7702fdb0dcc3ff1dd490adc5d20b3941ad41e58f887d4998b9922a14"},
    {file = "pymongo-4.15.3-cp39-cp39-manylinux1_i686.manylinux_2_28_i686.manylinux_2_5_i686.whl", hash = "sha256:86b1b5b63f4355adffc329733733a9b71fdad88f37a9dc41e163aed2130f9abc"},
    {file = "pymongo-4.15.3-cp39-cp39-manylinux2014_aarch64.manylinux_2_17_aarch64.manylinux_2_28_aarch64.whl", hash = "sha256:6a054d282dd922ac400b6f47ea3ef58d8b940968d76d855da831dc739b7a04de"},
    {file = "pymongo-4.15.3-cp39-cp39-manylinux2014_ppc64le.manylinux_2_17_ppc64le.manylinux_2_28_ppc64le.whl", hash = "sha256:dc583a1130e2516440b93bb2ecb55cfdac6d5373615ae472a9d1f26801f58749"},
    {file = "pymongo-4.15.3-cp39-cp39-manylinux2014_s390x.manylinux_2_17_s390x.manylinux_2_28_s390x.whl", hash = "sha256:5c78237e878e0296130e398151b0d4aa6c9eaf82e38fb6e0aaae2029bc7ef0ce"},
    {file = "pymongo-4.15.3-cp39-cp39-manylinux2014_x86_64.manylinux_2_17_x86_64.manylinux_2_28_x86_64.whl", hash = "sha256:5c85a4c72b7965033f95c94c42dac27d886c01dbc23fe337ccb14f052a0ccc29"},
    {file = "pymongo-4.15.3-cp39-cp39-win32.whl", hash = "sha256:17fc94d1e067556b122eeb09e25c003268e8c0ea1f2f78e745b33bb59a1209c4"},
    {file = "pymongo-4.15.3-cp39-cp39-win_amd64.whl", hash = "sha256:5bf879a6ed70264574d4d8fb5a467c2a64dc76ecd72c0cb467c4464f849c8c77"},
    {file = "pymongo-4.15.3-cp39-cp39-win_arm64.whl", hash = "sha256:2f3d66f7c495efc3cfffa611b36075efe86da1860a7df75522a6fe499ee10383"},
    {file = "pymongo-4.15.3.tar.gz", hash = "sha256:7a981271347623b5319932796690c2d301668ac3a1965974ac9f5c3b8a22cea5"},
]

[package.dependencies]
dnspython = ">=1.16.0,<3.0.0"

[package.extras]
aws = ["pymongo-auth-aws (>=1.1.0,<2.0.0)"]
docs = ["furo (==2025.7.19)", "readthedocs-sphinx-search (>=0.3,<1.0)", "sphinx (>=5.3,<9)", "sphinx-autobuild (>=2020.9.1)", "sphinx-rtd-theme (>=2,<4)", "sphinxcontrib-shellcheck (>=1,<2)"]
encryption = ["certifi ; os_name == \"nt\" or sys_platform == \"darwin\"", "pymongo-auth-aws (>=1.1.0,<2.0.0)", "pymongocrypt (>=1.13.0,<2.0.0)"]
gssapi = ["pykerberos ; os_name != \"nt\"", "winkerberos (>=0.5.0) ; os_name == \"nt\""]
ocsp = ["certifi ; os_name == \"nt\" or sys_platform == \"darwin\"", "cryptography (>=2.5)", "pyopenssl (>=17.2.0)", "requests (<3.0.0)", "service-identity (>=18.1.0)"]
snappy = ["python-snappy"]
test = ["pytest (>=8.2)", "pytest-asyncio (>=0.24.0)"]
zstd = ["zstandard"]

[[package]]
name = "pytest"
version = "7.4.4"
description = "pytest: simple powerful testing with Python"
optional = false
python-versions = ">=3.7"
groups = ["dev"]
files = [
    {file = "pytest-7.4.4-py3-none-any.whl", hash = "sha256:b090cdf5ed60bf4c45261be03239c2c1c22df034fbffe691abe93cd80cea01d8"},
    {file = "pytest-7.4.4.tar.gz", hash = "sha256:2cf0005922c6ace4a3e2ec8b4080eb0d9753fdc93107415332f50ce9e7994280"},
]

[package.dependencies]
colorama = {version = "*", markers = "sys_platform == \"win32\""}
iniconfig = "*"
packaging = "*"
pluggy = ">=0.12,<2.0"

[package.extras]
testing = ["argcomplete", "attrs (>=19.2.0)", "hypothesis (>=3.56)", "mock", "nose", "pygments (>=2.7.2)", "requests", "setuptools", "xmlschema"]

[[package]]
name = "pytest-asyncio"
version = "0.21.2"
description = "Pytest support for asyncio"
optional = false
python-versions = ">=3.7"
groups = ["dev"]
files = [
    {file = "pytest_asyncio-0.21.2-py3-none-any.whl", hash = "sha256:ab664c88bb7998f711d8039cacd4884da6430886ae8bbd4eded552ed2004f16b"},
    {file = "pytest_asyncio-0.21.2.tar.gz", hash = "sha256:d67738fc232b94b326b9d060750beb16e0074210b98dd8b58a5239fa2a154f45"},
]

[package.dependencies]
pytest = ">=7.0.0"

[package.extras]
docs = ["sphinx (>=5.3)", "sphinx-rtd-theme (>=1.0)"]
testing = ["coverage (>=6.2)", "flaky (>=3.5.0)", "hypothesis (>=5.7.1)", "mypy (>=0.931)", "pytest-trio (>=0.7.0)"]

[[package]]
name = "pytest-cov"
version = "4.1.0"
description = "Pytest plugin for measuring coverage."
optional = false
python-versions = ">=3.7"
groups = ["dev"]
files = [
    {file = "pytest-cov-4.1.0.tar.gz", hash = "sha256:3904b13dfbfec47f003b8e77fd5b589cd11904a21ddf1ab38a64f204d6a10ef6"},
    {file = "pytest_cov-4.1.0-py3-none-any.whl", hash = "sha256:6ba70b9e97e69fcc3fb45bfeab2d0a138fb65c4d0d6a41ef33983ad114be8c3a"},
]

[package.dependencies]
coverage = {version = ">=5.2.1", extras = ["toml"]}
pytest = ">=4.6"

[package.extras]
testing = ["fields", "hunter", "process-tests", "pytest-xdist", "six", "virtualenv"]

[metadata]
lock-version = "2.1"
python-versions = "^3.12"
content-hash = "51532c59bb1d9a92bf705141d51637def7716ed8f8d92636aa41cf7e5c538575"
